
Microsoft Visual Studio Solution File, Format Version 12.00
# Visual Studio Version 17
VisualStudioVersion = 17.1.32421.90
MinimumVisualStudioVersion = 10.0.40219.1
Project("{2150E333-8FDC-42A3-9474-1A3956D46DE8}") = "Solution Items", "Solution Items", "{BEE3772D-B938-4A0F-BDD5-29824BFCB937}"
	ProjectSection(SolutionItems) = preProject
		.gitignore = .gitignore
		README.md = README.md
		version.json = version.json
	EndProjectSection
EndProject
Project("{9A19103F-16F7-4668-BE54-9A1E7A4F7556}") = "NeuroSpeech.EntityAccessControl", "NeuroSpeech.EntityAccessControl\NeuroSpeech.EntityAccessControl.csproj", "{71B1AADA-2C85-4B32-BF2D-7FB281B9FC86}"
EndProject
Project("{9A19103F-16F7-4668-BE54-9A1E7A4F7556}") = "NeuroSpeech.EntityAccessControl.Tests", "NeuroSpeech.EntityAccessControl.Tests\NeuroSpeech.EntityAccessControl.Tests.csproj", "{08926752-8406-40AA-9151-9F8EE50E4CEE}"
EndProject
Global
	GlobalSection(SolutionConfigurationPlatforms) = preSolution
		Debug|Any CPU = Debug|Any CPU
		Release|Any CPU = Release|Any CPU
	EndGlobalSection
	GlobalSection(ProjectConfigurationPlatforms) = postSolution
		{71B1AADA-2C85-4B32-BF2D-7FB281B9FC86}.Debug|Any CPU.ActiveCfg = Debug|Any CPU
		{71B1AADA-2C85-4B32-BF2D-7FB281B9FC86}.Debug|Any CPU.Build.0 = Debug|Any CPU
		{71B1AADA-2C85-4B32-BF2D-7FB281B9FC86}.Release|Any CPU.ActiveCfg = Release|Any CPU
		{71B1AADA-2C85-4B32-BF2D-7FB281B9FC86}.Release|Any CPU.Build.0 = Release|Any CPU
		{08926752-8406-40AA-9151-9F8EE50E4CEE}.Debug|Any CPU.ActiveCfg = Debug|Any CPU
		{08926752-8406-40AA-9151-9F8EE50E4CEE}.Debug|Any CPU.Build.0 = Debug|Any CPU
		{08926752-8406-40AA-9151-9F8EE50E4CEE}.Release|Any CPU.ActiveCfg = Release|Any CPU
		{08926752-8406-40AA-9151-9F8EE50E4CEE}.Release|Any CPU.Build.0 = Release|Any CPU
	EndGlobalSection
	GlobalSection(SolutionProperties) = preSolution
		HideSolutionNode = FALSE
	EndGlobalSection
	GlobalSection(ExtensibilityGlobals) = postSolution
		SolutionGuid = {537FB9CB-F2C6-4677-AD7F-5B962F9FB67A}
	EndGlobalSection
EndGlobal
